
Microsoft Visual Studio Solution File, Format Version 12.00
# Visual Studio Version 17
VisualStudioVersion = 17.0.31717.71
MinimumVisualStudioVersion = 10.0.40219.1
Project("{FAE04EC0-301F-11D3-BF4B-00C04F79EFBC}") = "TheCashier", "TheCashier.csproj", "{BE18A7F1-F4B0-4836-940D-7A5A308DFEF0}"
EndProject
Global
	GlobalSection(SolutionConfigurationPlatforms) = preSolution
		Debug|Any CPU = Debug|Any CPU
		Release|Any CPU = Release|Any CPU
	EndGlobalSection
	GlobalSection(ProjectConfigurationPlatforms) = postSolution
		{BE18A7F1-F4B0-4836-940D-7A5A308DFEF0}.Debug|Any CPU.ActiveCfg = Debug|Any CPU
		{BE18A7F1-F4B0-4836-940D-7A5A308DFEF0}.Debug|Any CPU.Build.0 = Debug|Any CPU
		{BE18A7F1-F4B0-4836-940D-7A5A308DFEF0}.Release|Any CPU.ActiveCfg = Release|Any CPU
		{BE18A7F1-F4B0-4836-940D-7A5A308DFEF0}.Release|Any CPU.Build.0 = Release|Any CPU
	EndGlobalSection
	GlobalSection(SolutionProperties) = preSolution
		HideSolutionNode = FALSE
	EndGlobalSection
	GlobalSection(ExtensibilityGlobals) = postSolution
		SolutionGuid = {8B3B4385-A8C9-4F3C-9E32-6BB0FF53AA32}
	EndGlobalSection
EndGlobal
